<?xml version="1.0" encoding="utf-8"?>
<Project ToolsVersion="4.0" xmlns="http://schemas.microsoft.com/developer/msbuild/2003">
  <ItemGroup>
    <Filter Include="kernel">
      <UniqueIdentifier>{d14179f6-6bce-4315-96ad-f742823bd41a}</UniqueIdentifier>
    </Filter>
    <Filter Include="interface">
      <UniqueIdentifier>{eda96b86-445c-430a-acda-5dc63757042f}</UniqueIdentifier>
    </Filter>
    <Filter Include="interface\shell">
      <UniqueIdentifier>{3e324ddd-a102-4294-83ef-ebfd9c8fd013}</UniqueIdentifier>
    </Filter>
    <Filter Include="interface\character_movement">
      <UniqueIdentifier>{75d2a043-4a84-46f7-8cb6-8dd45d42d879}</UniqueIdentifier>
    </Filter>
    <Filter Include="interface\world">
      <UniqueIdentifier>{9f5b7169-9ebe-4edf-9ca0-97d0be98b64d}</UniqueIdentifier>
    </Filter>
    <Filter Include="physics">
      <UniqueIdentifier>{58fcca09-0e73-4daf-b09b-d3e6ea9c226a}</UniqueIdentifier>
    </Filter>
    <Filter Include="physics\colliders">
      <UniqueIdentifier>{9a57ec82-2eb3-4195-9475-76642cc5e662}</UniqueIdentifier>
    </Filter>
    <Filter Include="physics\colliders\tri">
      <UniqueIdentifier>{ea012926-3421-4c0d-b5af-86224ec8b6f5}</UniqueIdentifier>
    </Filter>
    <Filter Include="physics\colliders\cyl">
      <UniqueIdentifier>{7baafe67-d3f4-4f4b-9e39-cb9987981a82}</UniqueIdentifier>
    </Filter>
    <Filter Include="physics\colliders\RayMotions">
      <UniqueIdentifier>{0eaea129-ceca-4f75-8f0a-677f6e6e2fea}</UniqueIdentifier>
    </Filter>
    <Filter Include="physics\ActivationBox">
      <UniqueIdentifier>{d486a21b-9087-442b-9958-24901672b8fe}</UniqueIdentifier>
    </Filter>
    <Filter Include="physics\Base">
      <UniqueIdentifier>{632ba37f-80ed-4565-8bfb-bd340a08bafa}</UniqueIdentifier>
    </Filter>
    <Filter Include="physics\Base\Objects">
      <UniqueIdentifier>{de84c0d2-6dcb-4078-bca4-ed263e5b0322}</UniqueIdentifier>
    </Filter>
    <Filter Include="physics\Base\Objects\Utils">
      <UniqueIdentifier>{c38bae97-c59d-43b5-a632-2ca97aa088c7}</UniqueIdentifier>
    </Filter>
    <Filter Include="physics\Base\Objects\Utils\Interpolation">
      <UniqueIdentifier>{81accee1-256b-4a71-b3fc-986333348231}</UniqueIdentifier>
    </Filter>
    <Filter Include="physics\Base\Objects\Utils\Storage">
      <UniqueIdentifier>{8dd910ae-516a-47ec-9948-0780d4a3b8a4}</UniqueIdentifier>
    </Filter>
    <Filter Include="physics\Base\Objects\Utils\Math">
      <UniqueIdentifier>{198a206b-3309-4612-bbf5-96acd1a3a99b}</UniqueIdentifier>
    </Filter>
    <Filter Include="physics\Base\Objects\BodyEffectors">
      <UniqueIdentifier>{bf02ec34-383e-4171-b123-bbaeac5e7e0c}</UniqueIdentifier>
    </Filter>
    <Filter Include="physics\Base\Objects\PHNet">
      <UniqueIdentifier>{e3b88e21-31f2-4fc4-a0af-d058b1a00d5a}</UniqueIdentifier>
    </Filter>
    <Filter Include="physics\Base\Objects\MoveStorage">
      <UniqueIdentifier>{dbd70109-ed64-4a69-8cc6-ff894d8f5d40}</UniqueIdentifier>
    </Filter>
    <Filter Include="physics\Base\Objects\Disabling">
      <UniqueIdentifier>{171131a1-c7f2-4f10-b5f4-5c93c52cecb8}</UniqueIdentifier>
    </Filter>
    <Filter Include="physics\Base\Objects\PhyMove">
      <UniqueIdentifier>{7c509e9a-8ba6-469b-a280-11e3bbaaae15}</UniqueIdentifier>
    </Filter>
    <Filter Include="physics\Base\Objects\PhyMove\ActorCaracter">
      <UniqueIdentifier>{3513ccff-218c-4c62-a50d-222b8beca739}</UniqueIdentifier>
    </Filter>
    <Filter Include="physics\Base\Objects\PhyMove\AICharacter">
      <UniqueIdentifier>{d93749b6-49d9-4f17-b34b-143cc98197a0}</UniqueIdentifier>
    </Filter>
    <Filter Include="physics\Base\Objects\PhyMove\Capture">
      <UniqueIdentifier>{8031fc89-7ef4-45c5-8116-e1f6f541ab26}</UniqueIdentifier>
    </Filter>
    <Filter Include="physics\Base\Objects\PhyMove\SipmpleCharacter">
      <UniqueIdentifier>{abd7e61e-c7ff-48d4-a58f-4d874b5b1929}</UniqueIdentifier>
    </Filter>
    <Filter Include="physics\Base\Objects\PhyMove\BaseCharacter">
      <UniqueIdentifier>{380cd947-f576-4808-9f07-c6bf3608fc22}</UniqueIdentifier>
    </Filter>
    <Filter Include="physics\Base\Objects\BaseShell">
      <UniqueIdentifier>{b0f242f2-4e86-4992-87c7-b3d6d330a4df}</UniqueIdentifier>
    </Filter>
    <Filter Include="physics\Base\Objects\BaseShell\PhysicsShellAnimator">
      <UniqueIdentifier>{e60b2931-10af-40ed-b4b2-c8f8961ce1e4}</UniqueIdentifier>
    </Filter>
    <Filter Include="physics\Base\Objects\Element">
      <UniqueIdentifier>{64104916-5e6c-424e-b548-e279b492daf7}</UniqueIdentifier>
    </Filter>
    <Filter Include="physics\Base\Objects\Element\Geom">
      <UniqueIdentifier>{779e3d93-ac10-4f2c-b262-3750cdb603f7}</UniqueIdentifier>
    </Filter>
    <Filter Include="physics\Base\Objects\Joint">
      <UniqueIdentifier>{886eed90-caac-4c4f-b2aa-96c4f4042167}</UniqueIdentifier>
    </Filter>
    <Filter Include="physics\Base\Objects\Shell">
      <UniqueIdentifier>{46044028-40c2-4699-b105-e9cb407d1b72}</UniqueIdentifier>
    </Filter>
    <Filter Include="physics\Base\Objects\Breakable">
      <UniqueIdentifier>{7755a81c-8038-452b-8033-3b180fcd0ffc}</UniqueIdentifier>
    </Filter>
    <Filter Include="physics\Base\Objects\SplitedShell">
      <UniqueIdentifier>{3ac19eea-17a5-4816-9c19-10d1077812c2}</UniqueIdentifier>
    </Filter>
    <Filter Include="physics\Base\Objects\PHObject">
      <UniqueIdentifier>{2fd35f9a-ca43-4318-94d2-042c92a118dc}</UniqueIdentifier>
    </Filter>
    <Filter Include="physics\Base\Objects\PHIsland">
      <UniqueIdentifier>{647c3717-d6d6-4fa5-93be-2a1381e0b272}</UniqueIdentifier>
    </Filter>
    <Filter Include="physics\Base\Objects\World">
      <UniqueIdentifier>{609fb7eb-2b57-4185-8cf3-17aad2b663fb}</UniqueIdentifier>
    </Filter>
    <Filter Include="physics\Base\Objects\CollideValidator">
      <UniqueIdentifier>{979a9b0f-6250-420e-b1c5-a54ca4bd5d04}</UniqueIdentifier>
    </Filter>
    <Filter Include="physics\Base\Objects\StaticShell">
      <UniqueIdentifier>{d0eaf584-8dfe-4ee3-9af9-9fe4fb13c96c}</UniqueIdentifier>
    </Filter>
    <Filter Include="physics\Base\Objects\script">
      <UniqueIdentifier>{e51f4e25-78ec-4bc5-8a9a-a0f0ea0aca24}</UniqueIdentifier>
    </Filter>
    <Filter Include="physics\Base\Impact">
      <UniqueIdentifier>{88081082-c24d-49b0-85ec-b3e1c1aab9ad}</UniqueIdentifier>
    </Filter>
    <Filter Include="physics\Base\Debug">
      <UniqueIdentifier>{8856c08e-cef0-4f09-be8b-3afbbbd1aa2d}</UniqueIdentifier>
    </Filter>
    <Filter Include="physics\camera_collision">
      <UniqueIdentifier>{78fc4fd2-14f9-4b02-92e6-d8d779c6b037}</UniqueIdentifier>
    </Filter>
    <Filter Include="physics\damage_receiver">
      <UniqueIdentifier>{0413d4a9-0295-4d45-b78f-83be492c90b2}</UniqueIdentifier>
    </Filter>
  </ItemGroup>
  <ItemGroup>
    <ClCompile Include="stdafx.cpp">
      <Filter>kernel</Filter>
    </ClCompile>
    <ClCompile Include="xrPhysics.cpp">
      <Filter>kernel</Filter>
    </ClCompile>
    <ClCompile Include="console_vars.cpp">
      <Filter>physics</Filter>
    </ClCompile>
    <ClCompile Include="ShellHit.cpp">
      <Filter>physics</Filter>
    </ClCompile>
    <ClCompile Include="tri-colliderknoopc\dcTriListCollider.cpp">
      <Filter>physics\colliders\tri</Filter>
    </ClCompile>
    <ClCompile Include="tri-colliderknoopc\dSortTriPrimitive.cpp">
      <Filter>physics\colliders\tri</Filter>
    </ClCompile>
    <ClCompile Include="tri-colliderknoopc\dTriBox.cpp">
      <Filter>physics\colliders\tri</Filter>
    </ClCompile>
    <ClCompile Include="tri-colliderknoopc\dTriCallideK.cpp">
      <Filter>physics\colliders\tri</Filter>
    </ClCompile>
    <ClCompile Include="tri-colliderknoopc\dTriCylinder.cpp">
      <Filter>physics\colliders\tri</Filter>
    </ClCompile>
    <ClCompile Include="tri-colliderknoopc\dTriList.cpp">
      <Filter>physics\colliders\tri</Filter>
    </ClCompile>
    <ClCompile Include="tri-colliderknoopc\dTriSphere.cpp">
      <Filter>physics\colliders\tri</Filter>
    </ClCompile>
    <ClCompile Include="dcylinder\dCylinder.cpp">
      <Filter>physics\colliders\cyl</Filter>
    </ClCompile>
    <ClCompile Include="dRayMotions.cpp">
      <Filter>physics\colliders\RayMotions</Filter>
    </ClCompile>
    <ClCompile Include="IActivationShape.cpp">
      <Filter>physics\ActivationBox</Filter>
    </ClCompile>
    <ClCompile Include="PHActivationShape.cpp">
      <Filter>physics\ActivationBox</Filter>
    </ClCompile>
    <ClCompile Include="PhysicsExternalCommon.cpp">
      <Filter>physics\Base</Filter>
    </ClCompile>
    <ClCompile Include="phvalide.cpp">
      <Filter>physics\Base\Objects\Utils</Filter>
    </ClCompile>
    <ClCompile Include="PHInterpolation.cpp">
      <Filter>physics\Base\Objects\Utils\Interpolation</Filter>
    </ClCompile>
    <ClCompile Include="MathUtils.cpp">
      <Filter>physics\Base\Objects\Utils\Math</Filter>
    </ClCompile>
    <ClCompile Include="PHDynamicData.cpp">
      <Filter>physics\Base\Objects\Utils\Math</Filter>
    </ClCompile>
    <ClCompile Include="PHContactBodyEffector.cpp">
      <Filter>physics\Base\Objects\BodyEffectors</Filter>
    </ClCompile>
    <ClCompile Include="..\xrServerEntities\PHNetState.cpp">
      <Filter>physics\Base\Objects\PHNet</Filter>
    </ClCompile>
    <ClCompile Include="PHMoveStorage.cpp">
      <Filter>physics\Base\Objects\MoveStorage</Filter>
    </ClCompile>
    <ClCompile Include="DisablingParams.cpp">
      <Filter>physics\Base\Objects\Disabling</Filter>
    </ClCompile>
    <ClCompile Include="PHDisabling.cpp">
      <Filter>physics\Base\Objects\Disabling</Filter>
    </ClCompile>
    <ClCompile Include="PHActorCharacter.cpp">
      <Filter>physics\Base\Objects\PhyMove\ActorCaracter</Filter>
    </ClCompile>
    <ClCompile Include="PHAICharacter.cpp">
      <Filter>physics\Base\Objects\PhyMove\AICharacter</Filter>
    </ClCompile>
    <ClCompile Include="PHCapture.cpp">
      <Filter>physics\Base\Objects\PhyMove\Capture</Filter>
    </ClCompile>
    <ClCompile Include="PHCaptureInit.cpp">
      <Filter>physics\Base\Objects\PhyMove\Capture</Filter>
    </ClCompile>
    <ClCompile Include="ElevatorState.cpp">
      <Filter>physics\Base\Objects\PhyMove\SipmpleCharacter</Filter>
    </ClCompile>
    <ClCompile Include="PHSimpleCharacter.cpp">
      <Filter>physics\Base\Objects\PhyMove\SipmpleCharacter</Filter>
    </ClCompile>
    <ClCompile Include="MovementBoxDynamicActivate.cpp">
      <Filter>physics\Base\Objects\PhyMove\BaseCharacter</Filter>
    </ClCompile>
    <ClCompile Include="PHCharacter.cpp">
      <Filter>physics\Base\Objects\PhyMove\BaseCharacter</Filter>
    </ClCompile>
    <ClCompile Include="PhysicsShell.cpp">
      <Filter>physics\Base\Objects\BaseShell</Filter>
    </ClCompile>
    <ClCompile Include="PhysicsShellAnimator.cpp">
      <Filter>physics\Base\Objects\BaseShell\PhysicsShellAnimator</Filter>
    </ClCompile>
    <ClCompile Include="PHElement.cpp">
      <Filter>physics\Base\Objects\Element</Filter>
    </ClCompile>
    <ClCompile Include="PHElementNetState.cpp">
      <Filter>physics\Base\Objects\Element</Filter>
    </ClCompile>
    <ClCompile Include="ExtendedGeom.cpp">
      <Filter>physics\Base\Objects\Element\Geom</Filter>
    </ClCompile>
    <ClCompile Include="Geometry.cpp">
      <Filter>physics\Base\Objects\Element\Geom</Filter>
    </ClCompile>
    <ClCompile Include="PHGeometryOwner.cpp">
      <Filter>physics\Base\Objects\Element\Geom</Filter>
    </ClCompile>
    <ClCompile Include="PHJoint.cpp">
      <Filter>physics\Base\Objects\Joint</Filter>
    </ClCompile>
    <ClCompile Include="PHShell.cpp">
      <Filter>physics\Base\Objects\Shell</Filter>
    </ClCompile>
    <ClCompile Include="PHShellActivate.cpp">
      <Filter>physics\Base\Objects\Shell</Filter>
    </ClCompile>
    <ClCompile Include="PHShellNetState.cpp">
      <Filter>physics\Base\Objects\Shell</Filter>
    </ClCompile>
    <ClCompile Include="PHFracture.cpp">
      <Filter>physics\Base\Objects\Breakable</Filter>
    </ClCompile>
    <ClCompile Include="PHJointDestroyInfo.cpp">
      <Filter>physics\Base\Objects\Breakable</Filter>
    </ClCompile>
    <ClCompile Include="PHShellSplitter.cpp">
      <Filter>physics\Base\Objects\Breakable</Filter>
    </ClCompile>
    <ClCompile Include="PHSplitedShell.cpp">
      <Filter>physics\Base\Objects\SplitedShell</Filter>
    </ClCompile>
    <ClCompile Include="PHObject.cpp">
      <Filter>physics\Base\Objects\PHObject</Filter>
    </ClCompile>
    <ClCompile Include="PHIsland.cpp">
      <Filter>physics\Base\Objects\PHIsland</Filter>
    </ClCompile>
    <ClCompile Include="GeometryBits.cpp">
      <Filter>physics\Base\Objects\World</Filter>
    </ClCompile>
    <ClCompile Include="params.cpp">
      <Filter>physics\Base\Objects\World</Filter>
    </ClCompile>
    <ClCompile Include="PHWorld.cpp">
      <Filter>physics\Base\Objects\World</Filter>
    </ClCompile>
    <ClCompile Include="Physics.cpp">
      <Filter>physics\Base\Objects\World</Filter>
    </ClCompile>
    <ClCompile Include="PHCollideValidator.cpp">
      <Filter>physics\Base\Objects\CollideValidator</Filter>
    </ClCompile>
    <ClCompile Include="PHStaticGeomShell.cpp">
      <Filter>physics\Base\Objects\StaticShell</Filter>
    </ClCompile>
    <ClCompile Include="physics_scripted.cpp">
      <Filter>physics\Base\Objects\script</Filter>
    </ClCompile>
    <ClCompile Include="debug_output.cpp">
      <Filter>physics\Base\Debug</Filter>
    </ClCompile>
    <ClCompile Include="ActorCameraCollision.cpp">
      <Filter>physics\camera_collision</Filter>
    </ClCompile>
    <ClCompile Include="collisiondamagereceiver.cpp">
      <Filter>physics\damage_receiver</Filter>
    </ClCompile>
  </ItemGroup>
  <ItemGroup>
    <ClInclude Include="stdafx.h">
      <Filter>kernel</Filter>
    </ClInclude>
    <ClInclude Include="xrPhysics.h">
      <Filter>kernel</Filter>
    </ClInclude>
    <ClInclude Include="console_vars.h">
      <Filter>physics</Filter>
    </ClInclude>
    <ClInclude Include="tri-colliderknoopc\__aabb_tri.h">
      <Filter>physics\colliders\tri</Filter>
    </ClInclude>
    <ClInclude Include="tri-colliderknoopc\dcTriangle.h">
      <Filter>physics\colliders\tri</Filter>
    </ClInclude>
    <ClInclude Include="tri-colliderknoopc\dcTriListCollider.h">
      <Filter>physics\colliders\tri</Filter>
    </ClInclude>
    <ClInclude Include="tri-colliderknoopc\dSortTriPrimitive.h">
      <Filter>physics\colliders\tri</Filter>
    </ClInclude>
    <ClInclude Include="tri-colliderknoopc\dTriBox.h">
      <Filter>physics\colliders\tri</Filter>
    </ClInclude>
    <ClInclude Include="tri-colliderknoopc\dTriCollideK.h">
      <Filter>physics\colliders\tri</Filter>
    </ClInclude>
    <ClInclude Include="tri-colliderknoopc\dTriColliderCommon.h">
      <Filter>physics\colliders\tri</Filter>
    </ClInclude>
    <ClInclude Include="tri-colliderknoopc\dTriColliderMath.h">
      <Filter>physics\colliders\tri</Filter>
    </ClInclude>
    <ClInclude Include="tri-colliderknoopc\dTriCylinder.h">
      <Filter>physics\colliders\tri</Filter>
    </ClInclude>
    <ClInclude Include="tri-colliderknoopc\dTriList.h">
      <Filter>physics\colliders\tri</Filter>
    </ClInclude>
    <ClInclude Include="tri-colliderknoopc\dTriSphere.h">
      <Filter>physics\colliders\tri</Filter>
    </ClInclude>
    <ClInclude Include="tri-colliderknoopc\dxTriList.h">
      <Filter>physics\colliders\tri</Filter>
    </ClInclude>
    <ClInclude Include="tri-colliderknoopc\TriPrimitiveCollideClassDef.h">
      <Filter>physics\colliders\tri</Filter>
    </ClInclude>
    <ClInclude Include="dcylinder\dCylinder.h">
      <Filter>physics\colliders\cyl</Filter>
    </ClInclude>
    <ClInclude Include="dRayMotions.h">
      <Filter>physics\colliders\RayMotions</Filter>
    </ClInclude>
    <ClInclude Include="IActivationShape.h">
      <Filter>physics\ActivationBox</Filter>
    </ClInclude>
    <ClInclude Include="PHActivationShape.h">
      <Filter>physics\ActivationBox</Filter>
    </ClInclude>
    <ClInclude Include="DamageSource.h">
      <Filter>physics\Base</Filter>
    </ClInclude>
    <ClInclude Include="ode_include.h">
      <Filter>physics\Base</Filter>
    </ClInclude>
    <ClInclude Include="ode_redefine.h">
      <Filter>physics\Base</Filter>
    </ClInclude>
    <ClInclude Include="PhysicsCommon.h">
      <Filter>physics\Base</Filter>
    </ClInclude>
    <ClInclude Include="PhysicsExternalCommon.h">
      <Filter>physics\Base</Filter>
    </ClInclude>
    <ClInclude Include="PHDefs.h">
      <Filter>physics\Base\Objects</Filter>
    </ClInclude>
    <ClInclude Include="ph_valid_ode.h">
      <Filter>physics\Base\Objects\Utils</Filter>
    </ClInclude>
    <ClInclude Include="phvalide.h">
      <Filter>physics\Base\Objects\Utils</Filter>
    </ClInclude>
    <ClInclude Include="PHValideValues.h">
      <Filter>physics\Base\Objects\Utils</Filter>
    </ClInclude>
    <ClInclude Include="PHInterpolation.h">
      <Filter>physics\Base\Objects\Utils\Interpolation</Filter>
    </ClInclude>
    <ClInclude Include="BlockAllocator.h">
      <Filter>physics\Base\Objects\Utils\Storage</Filter>
    </ClInclude>
    <ClInclude Include="CycleConstStorage.h">
      <Filter>physics\Base\Objects\Utils\Storage</Filter>
    </ClInclude>
    <ClInclude Include="CalculateTriangle.h">
      <Filter>physics\Base\Objects\Utils\Math</Filter>
    </ClInclude>
    <ClInclude Include="MathUtils.h">
      <Filter>physics\Base\Objects\Utils\Math</Filter>
    </ClInclude>
    <ClInclude Include="MathUtilsOde.h">
      <Filter>physics\Base\Objects\Utils\Math</Filter>
    </ClInclude>
    <ClInclude Include="matrix_utils.h">
      <Filter>physics\Base\Objects\Utils\Math</Filter>
    </ClInclude>
    <ClInclude Include="PHDynamicData.h">
      <Filter>physics\Base\Objects\Utils\Math</Filter>
    </ClInclude>
    <ClInclude Include="PHBaseBodyEffector.h">
      <Filter>physics\Base\Objects\BodyEffectors</Filter>
    </ClInclude>
    <ClInclude Include="PHContactBodyEffector.h">
      <Filter>physics\Base\Objects\BodyEffectors</Filter>
    </ClInclude>
    <ClInclude Include="..\xrServerEntities\PHNetState.h">
      <Filter>physics\Base\Objects\PHNet</Filter>
    </ClInclude>
    <ClInclude Include="PHMoveStorage.h">
      <Filter>physics\Base\Objects\MoveStorage</Filter>
    </ClInclude>
    <ClInclude Include="DisablingParams.h">
      <Filter>physics\Base\Objects\Disabling</Filter>
    </ClInclude>
    <ClInclude Include="PHDisabling.h">
      <Filter>physics\Base\Objects\Disabling</Filter>
    </ClInclude>
    <ClInclude Include="PHActorCharacter.h">
      <Filter>physics\Base\Objects\PhyMove\ActorCaracter</Filter>
    </ClInclude>
    <ClInclude Include="PHActorCharacterInline.h">
      <Filter>physics\Base\Objects\PhyMove\ActorCaracter</Filter>
    </ClInclude>
    <ClInclude Include="PHAICharacter.h">
      <Filter>physics\Base\Objects\PhyMove\AICharacter</Filter>
    </ClInclude>
    <ClInclude Include="IPHCapture.h">
      <Filter>physics\Base\Objects\PhyMove\Capture</Filter>
    </ClInclude>
    <ClInclude Include="PHCapture.h">
      <Filter>physics\Base\Objects\PhyMove\Capture</Filter>
    </ClInclude>
    <ClInclude Include="ElevatorState.h">
      <Filter>physics\Base\Objects\PhyMove\SipmpleCharacter</Filter>
    </ClInclude>
    <ClInclude Include="iclimableobject.h">
      <Filter>physics\Base\Objects\PhyMove\SipmpleCharacter</Filter>
    </ClInclude>
    <ClInclude Include="IElevatorState.h">
      <Filter>physics\Base\Objects\PhyMove\SipmpleCharacter</Filter>
    </ClInclude>
    <ClInclude Include="PHSimpleCharacter.h">
      <Filter>physics\Base\Objects\PhyMove\SipmpleCharacter</Filter>
    </ClInclude>
    <ClInclude Include="PHSimpleCharacterInline.h">
      <Filter>physics\Base\Objects\PhyMove\SipmpleCharacter</Filter>
    </ClInclude>
    <ClInclude Include="IColisiondamageInfo.h">
      <Filter>physics\Base\Objects\PhyMove\BaseCharacter</Filter>
    </ClInclude>
    <ClInclude Include="MovementBoxDynamicActivate.h">
      <Filter>physics\Base\Objects\PhyMove\BaseCharacter</Filter>
    </ClInclude>
    <ClInclude Include="PHCharacter.h">
      <Filter>physics\Base\Objects\PhyMove\BaseCharacter</Filter>
    </ClInclude>
    <ClInclude Include="IPhysicsShellHolder.h">
      <Filter>physics\Base\Objects\BaseShell</Filter>
    </ClInclude>
    <ClInclude Include="PhysicsShell.h">
      <Filter>physics\Base\Objects\BaseShell</Filter>
    </ClInclude>
    <ClInclude Include="PhysicsShellAnimator.h">
      <Filter>physics\Base\Objects\BaseShell\PhysicsShellAnimator</Filter>
    </ClInclude>
    <ClInclude Include="PhysicsShellAnimatorBoneData.h">
      <Filter>physics\Base\Objects\BaseShell\PhysicsShellAnimator</Filter>
    </ClInclude>
    <ClInclude Include="PHElement.h">
      <Filter>physics\Base\Objects\Element</Filter>
    </ClInclude>
    <ClInclude Include="PHElementInline.h">
      <Filter>physics\Base\Objects\Element</Filter>
    </ClInclude>
    <ClInclude Include="ExtendedGeom.h">
      <Filter>physics\Base\Objects\Element\Geom</Filter>
    </ClInclude>
    <ClInclude Include="Geometry.h">
      <Filter>physics\Base\Objects\Element\Geom</Filter>
    </ClInclude>
    <ClInclude Include="PHGeometryOwner.h">
      <Filter>physics\Base\Objects\Element\Geom</Filter>
    </ClInclude>
    <ClInclude Include="PHJoint.h">
      <Filter>physics\Base\Objects\Joint</Filter>
    </ClInclude>
    <ClInclude Include="PHShell.h">
      <Filter>physics\Base\Objects\Shell</Filter>
    </ClInclude>
    <ClInclude Include="PHShellBuildJoint.h">
      <Filter>physics\Base\Objects\Shell</Filter>
    </ClInclude>
    <ClInclude Include="PHFracture.h">
      <Filter>physics\Base\Objects\Breakable</Filter>
    </ClInclude>
    <ClInclude Include="PHJointDestroyInfo.h">
      <Filter>physics\Base\Objects\Breakable</Filter>
    </ClInclude>
    <ClInclude Include="PHShellSplitter.h">
      <Filter>physics\Base\Objects\Breakable</Filter>
    </ClInclude>
    <ClInclude Include="PHSplitedShell.h">
      <Filter>physics\Base\Objects\SplitedShell</Filter>
    </ClInclude>
    <ClInclude Include="PHObject.h">
      <Filter>physics\Base\Objects\PHObject</Filter>
    </ClInclude>
    <ClInclude Include="PHUpdateObject.h">
      <Filter>physics\Base\Objects\PHObject</Filter>
    </ClInclude>
    <ClInclude Include="PHIsland.h">
      <Filter>physics\Base\Objects\PHIsland</Filter>
    </ClInclude>
    <ClInclude Include="GeometryBits.h">
      <Filter>physics\Base\Objects\World</Filter>
    </ClInclude>
    <ClInclude Include="IPHWorld.h">
      <Filter>physics\Base\Objects\World</Filter>
    </ClInclude>
    <ClInclude Include="params.h">
      <Filter>physics\Base\Objects\World</Filter>
    </ClInclude>
    <ClInclude Include="PHItemList.h">
      <Filter>physics\Base\Objects\World</Filter>
    </ClInclude>
    <ClInclude Include="PHWorld.h">
      <Filter>physics\Base\Objects\World</Filter>
    </ClInclude>
    <ClInclude Include="Physics.h">
      <Filter>physics\Base\Objects\World</Filter>
    </ClInclude>
    <ClInclude Include="ICollideValidator.h">
      <Filter>physics\Base\Objects\CollideValidator</Filter>
    </ClInclude>
    <ClInclude Include="PHCollideValidator.h">
      <Filter>physics\Base\Objects\CollideValidator</Filter>
    </ClInclude>
    <ClInclude Include="IPHStaticGeomShell.h">
      <Filter>physics\Base\Objects\StaticShell</Filter>
    </ClInclude>
    <ClInclude Include="PHStaticGeomShell.h">
      <Filter>physics\Base\Objects\StaticShell</Filter>
    </ClInclude>
    <ClInclude Include="iphysics_scripted.h">
      <Filter>physics\Base\Objects\script</Filter>
    </ClInclude>
    <ClInclude Include="physics_scripted.h">
      <Filter>physics\Base\Objects\script</Filter>
    </ClInclude>
    <ClInclude Include="PHImpact.h">
      <Filter>physics\Base\Impact</Filter>
    </ClInclude>
    <ClInclude Include="debug_output.h">
      <Filter>physics\Base\Debug</Filter>
    </ClInclude>
    <ClInclude Include="ActorCameraCollision.h">
      <Filter>physics\camera_collision</Filter>
    </ClInclude>
    <ClInclude Include="icollisiondamagereceiver.h">
      <Filter>physics\damage_receiver</Filter>
    </ClInclude>
  </ItemGroup>
</Project>