<?xml version="1.0" encoding="utf-8"?>
<Project ToolsVersion="4.0" xmlns="http://schemas.microsoft.com/developer/msbuild/2003">
  <ItemGroup>
    <Filter Include="kernel">
      <UniqueIdentifier>{4FC737F1-C7A5-4376-A066-2A32D752A2FF}</UniqueIdentifier>
      <Extensions>cpp;c;cc;cxx;def;odl;idl;hpj;bat;asm;asmx</Extensions>
    </Filter>
    <Filter Include="Light">
      <UniqueIdentifier>{63d9ef53-4e1c-4493-9d3e-e9d902a61082}</UniqueIdentifier>
    </Filter>
    <Filter Include="Light\xrLC_GlobalData">
      <UniqueIdentifier>{e1daf104-c07a-4fa7-8230-3443bd4121b8}</UniqueIdentifier>
    </Filter>
    <Filter Include="Light\Net">
      <UniqueIdentifier>{f3fc519f-e255-41a3-9562-0a147aff95e9}</UniqueIdentifier>
    </Filter>
    <Filter Include="Light\Net\new">
      <UniqueIdentifier>{f9bd0616-f746-40f6-861d-5cd4d96e6e98}</UniqueIdentifier>
    </Filter>
    <Filter Include="Light\Net\new\net_user_gl_data">
      <UniqueIdentifier>{147dcb16-c231-489e-b753-375fa2e21151}</UniqueIdentifier>
    </Filter>
    <Filter Include="Light\Net\new\net_user_execution">
      <UniqueIdentifier>{056465be-a1f4-4d72-b1a2-20d19c2eeec9}</UniqueIdentifier>
    </Filter>
    <Filter Include="Light\Net\new\task_manager">
      <UniqueIdentifier>{08c81174-1a1b-41c8-ae71-abbaecd5ae1d}</UniqueIdentifier>
    </Filter>
    <Filter Include="Light\Net\depr">
      <UniqueIdentifier>{65458214-1ae0-4f3b-b352-0d1e8b81466e}</UniqueIdentifier>
    </Filter>
    <Filter Include="Light\models">
      <UniqueIdentifier>{ecb23e84-8bd7-4b49-a6db-b1fa67c8d136}</UniqueIdentifier>
    </Filter>
    <Filter Include="Light\models\mu_light">
      <UniqueIdentifier>{1e096a39-f686-444c-b9bf-d8b437014d30}</UniqueIdentifier>
    </Filter>
    <Filter Include="Light\LightImplicit">
      <UniqueIdentifier>{45c94e3f-8c11-4dbf-85b4-5c88064ec9ee}</UniqueIdentifier>
    </Filter>
    <Filter Include="Light\xrDeflector">
      <UniqueIdentifier>{c22a24a0-e6b0-4f64-aa36-6555fb3ae9d2}</UniqueIdentifier>
    </Filter>
    <Filter Include="Light\Mesh">
      <UniqueIdentifier>{7ebc1fd5-5ec1-4098-a35d-830075c85ed7}</UniqueIdentifier>
    </Filter>
    <Filter Include="Light\serialize">
      <UniqueIdentifier>{11c74fe5-842d-444a-a465-3e3f298caba3}</UniqueIdentifier>
    </Filter>
    <Filter Include="Light\Lightmaps">
      <UniqueIdentifier>{92a755b7-f5ab-4333-a216-42b2767c33d0}</UniqueIdentifier>
    </Filter>
    <Filter Include="Light\Textures">
      <UniqueIdentifier>{37b4a9c6-9685-410f-be6c-eb0ff33bf6bc}</UniqueIdentifier>
    </Filter>
    <Filter Include="Light\Lights">
      <UniqueIdentifier>{2109d537-d0d3-4140-9dbb-db9e1202cb68}</UniqueIdentifier>
    </Filter>
    <Filter Include="Light\color">
      <UniqueIdentifier>{fead5c7e-fd71-4893-a45c-86b80c08bd05}</UniqueIdentifier>
    </Filter>
    <Filter Include="Light\LightVertex">
      <UniqueIdentifier>{4d2e021d-230b-4071-ad16-443db56eff92}</UniqueIdentifier>
    </Filter>
    <Filter Include="Resource Files">
      <UniqueIdentifier>{67DA6AB6-F800-4c08-8B7A-83BB121AAD01}</UniqueIdentifier>
      <Extensions>rc;ico;cur;bmp;dlg;rc2;rct;bin;rgs;gif;jpg;jpeg;jpe;resx;tiff;tif;png;wav</Extensions>
    </Filter>
    <Filter Include="do_light">
      <UniqueIdentifier>{437d34ba-1aa3-4b99-a13e-8f0072ce06f8}</UniqueIdentifier>
    </Filter>
  </ItemGroup>
  <ItemGroup>
    <ClInclude Include="_d3d_extensions.h">
      <Filter>kernel</Filter>
    </ClInclude>
    <ClInclude Include="stdafx.h">
      <Filter>kernel</Filter>
    </ClInclude>
    <ClInclude Include="xrLC_Light.h">
      <Filter>kernel</Filter>
    </ClInclude>
    <ClInclude Include="xrThread.h">
      <Filter>kernel</Filter>
    </ClInclude>
    <ClInclude Include="hash2D.h">
      <Filter>Light</Filter>
    </ClInclude>
    <ClInclude Include="vector_clear.h">
      <Filter>Light\xrLC_GlobalData</Filter>
    </ClInclude>
    <ClInclude Include="xrLC_GlobalData.h">
      <Filter>Light\xrLC_GlobalData</Filter>
    </ClInclude>
    <ClInclude Include="file_compress.h">
      <Filter>Light\Net</Filter>
    </ClInclude>
    <ClInclude Include="light_execute.h">
      <Filter>Light\Net</Filter>
    </ClInclude>
    <ClInclude Include="net_stream.h">
      <Filter>Light\Net</Filter>
    </ClInclude>
    <ClInclude Include="lightstab_interface.h">
      <Filter>Light\Net\new</Filter>
    </ClInclude>
    <ClInclude Include="net_cl_data_prepare.h">
      <Filter>Light\Net\new</Filter>
    </ClInclude>
    <ClInclude Include="net_execution_factory.h">
      <Filter>Light\Net\new</Filter>
    </ClInclude>
    <ClInclude Include="net_execution_globals.h">
      <Filter>Light\Net\new</Filter>
    </ClInclude>
    <ClInclude Include="net_global_data_cleanup.h">
      <Filter>Light\Net\new</Filter>
    </ClInclude>
    <ClInclude Include="net_task_callback.h">
      <Filter>Light\Net\new</Filter>
    </ClInclude>
    <ClInclude Include="detail_net_global_data.h">
      <Filter>Light\Net\new\net_user_gl_data</Filter>
    </ClInclude>
    <ClInclude Include="gl_base_cl_data.h">
      <Filter>Light\Net\new\net_user_gl_data</Filter>
    </ClInclude>
    <ClInclude Include="implicit_net_global_data.h">
      <Filter>Light\Net\new\net_user_gl_data</Filter>
    </ClInclude>
    <ClInclude Include="lc_net_global_data.h">
      <Filter>Light\Net\new\net_user_gl_data</Filter>
    </ClInclude>
    <ClInclude Include="lm_net_global_data.h">
      <Filter>Light\Net\new\net_user_gl_data</Filter>
    </ClInclude>
    <ClInclude Include="net_all_globals.h">
      <Filter>Light\Net\new\net_user_gl_data</Filter>
    </ClInclude>
    <ClInclude Include="net_global_data.h">
      <Filter>Light\Net\new\net_user_gl_data</Filter>
    </ClInclude>
    <ClInclude Include="ref_model_net_global_data.h">
      <Filter>Light\Net\new\net_user_gl_data</Filter>
    </ClInclude>
    <ClInclude Include="lcnet_execution_tasks_add.h">
      <Filter>Light\Net\new\net_user_execution</Filter>
    </ClInclude>
    <ClInclude Include="net_all_executions.h">
      <Filter>Light\Net\new\net_user_execution</Filter>
    </ClInclude>
    <ClInclude Include="net_execution.h">
      <Filter>Light\Net\new\net_user_execution</Filter>
    </ClInclude>
    <ClInclude Include="net_execution_detail_light.h">
      <Filter>Light\Net\new\net_user_execution</Filter>
    </ClInclude>
    <ClInclude Include="net_execution_implicit_light.h">
      <Filter>Light\Net\new\net_user_execution</Filter>
    </ClInclude>
    <ClInclude Include="net_execution_lightmaps.h">
      <Filter>Light\Net\new\net_user_execution</Filter>
    </ClInclude>
    <ClInclude Include="net_execution_mu_base.h">
      <Filter>Light\Net\new\net_user_execution</Filter>
    </ClInclude>
    <ClInclude Include="net_execution_mu_ref.h">
      <Filter>Light\Net\new\net_user_execution</Filter>
    </ClInclude>
    <ClInclude Include="net_execution_vertex_light.h">
      <Filter>Light\Net\new\net_user_execution</Filter>
    </ClInclude>
    <ClInclude Include="lcnet_task_manager.h">
      <Filter>Light\Net\new\task_manager</Filter>
    </ClInclude>
    <ClInclude Include="net_exec_pool.h">
      <Filter>Light\Net\new\task_manager</Filter>
    </ClInclude>
    <ClInclude Include="net_light.h">
      <Filter>Light\Net\depr</Filter>
    </ClInclude>
    <ClInclude Include="net_light_task.h">
      <Filter>Light\Net\depr</Filter>
    </ClInclude>
    <ClInclude Include="net_task.h">
      <Filter>Light\Net\depr</Filter>
    </ClInclude>
    <ClInclude Include="net_task_manager.h">
      <Filter>Light\Net\depr</Filter>
    </ClInclude>
    <ClInclude Include="fitter.h">
      <Filter>Light\models</Filter>
    </ClInclude>
    <ClInclude Include="mu_model_face.h">
      <Filter>Light\models</Filter>
    </ClInclude>
    <ClInclude Include="mu_model_face_defs.h">
      <Filter>Light\models</Filter>
    </ClInclude>
    <ClInclude Include="xrMU_Model.h">
      <Filter>Light\models</Filter>
    </ClInclude>
    <ClInclude Include="xrMU_Model_Reference.h">
      <Filter>Light\models</Filter>
    </ClInclude>
    <ClInclude Include="mu_light_net.h">
      <Filter>Light\models\mu_light</Filter>
    </ClInclude>
    <ClInclude Include="mu_model_light.h">
      <Filter>Light\models\mu_light</Filter>
    </ClInclude>
    <ClInclude Include="mu_model_light_threads.h">
      <Filter>Light\models\mu_light</Filter>
    </ClInclude>
    <ClInclude Include="xrLight_Implicit.h">
      <Filter>Light\LightImplicit</Filter>
    </ClInclude>
    <ClInclude Include="xrLight_ImplicitCalcGlobs.h">
      <Filter>Light\LightImplicit</Filter>
    </ClInclude>
    <ClInclude Include="xrLight_ImplicitDeflector.h">
      <Filter>Light\LightImplicit</Filter>
    </ClInclude>
    <ClInclude Include="xrLight_ImplicitRun.h">
      <Filter>Light\LightImplicit</Filter>
    </ClInclude>
    <ClInclude Include="execute_statistics.h">
      <Filter>Light\xrDeflector</Filter>
    </ClInclude>
    <ClInclude Include="uv_tri.h">
      <Filter>Light\xrDeflector</Filter>
    </ClInclude>
    <ClInclude Include="xrDeflector.h">
      <Filter>Light\xrDeflector</Filter>
    </ClInclude>
    <ClInclude Include="xrDeflectorDefs.h">
      <Filter>Light\xrDeflector</Filter>
    </ClInclude>
    <ClInclude Include="xrImage_Resampler.h">
      <Filter>Light\xrDeflector</Filter>
    </ClInclude>
    <ClInclude Include="xrIsect.h">
      <Filter>Light\xrDeflector</Filter>
    </ClInclude>
    <ClInclude Include="base_basis.h">
      <Filter>Light\Mesh</Filter>
    </ClInclude>
    <ClInclude Include="base_face.h">
      <Filter>Light\Mesh</Filter>
    </ClInclude>
    <ClInclude Include="calculate_normals.h">
      <Filter>Light\Mesh</Filter>
    </ClInclude>
    <ClInclude Include="itterate_adjacents_static.h">
      <Filter>Light\Mesh</Filter>
    </ClInclude>
    <ClInclude Include="MeshStructure.h">
      <Filter>Light\Mesh</Filter>
    </ClInclude>
    <ClInclude Include="xrFace.h">
      <Filter>Light\Mesh</Filter>
    </ClInclude>
    <ClInclude Include="xrFaceDefs.h">
      <Filter>Light\Mesh</Filter>
    </ClInclude>
    <ClInclude Include="serialize.h">
      <Filter>Light\serialize</Filter>
    </ClInclude>
    <ClInclude Include="Lightmap.h">
      <Filter>Light\Lightmaps</Filter>
    </ClInclude>
    <ClInclude Include="lm_layer.h">
      <Filter>Light\Lightmaps</Filter>
    </ClInclude>
    <ClInclude Include="xrImage_Filter.h">
      <Filter>Light\Lightmaps</Filter>
    </ClInclude>
    <ClInclude Include="b_build_texture.h">
      <Filter>Light\Textures</Filter>
    </ClInclude>
    <ClInclude Include="ETextureParams.h">
      <Filter>Light\Textures</Filter>
    </ClInclude>
    <ClInclude Include="tcf.h">
      <Filter>Light\Textures</Filter>
    </ClInclude>
    <ClInclude Include="tga.h">
      <Filter>Light\Textures</Filter>
    </ClInclude>
    <ClInclude Include="base_lighting.h">
      <Filter>Light\Lights</Filter>
    </ClInclude>
    <ClInclude Include="light_point.h">
      <Filter>Light\Lights</Filter>
    </ClInclude>
    <ClInclude Include="R_light.h">
      <Filter>Light\Lights</Filter>
    </ClInclude>
    <ClInclude Include="base_color.h">
      <Filter>Light\color</Filter>
    </ClInclude>
    <ClInclude Include="xrLightVertex.h">
      <Filter>Light\LightVertex</Filter>
    </ClInclude>
    <ClInclude Include="detail_slot_calculate.h">
      <Filter>do_light</Filter>
    </ClInclude>
    <ClInclude Include="DetailFormat.h">
      <Filter>do_light</Filter>
    </ClInclude>
    <ClInclude Include="global_calculation_data.h">
      <Filter>do_light</Filter>
    </ClInclude>
    <ClInclude Include="global_slots_data.h">
      <Filter>do_light</Filter>
    </ClInclude>
    <ClInclude Include="LightThread.h">
      <Filter>do_light</Filter>
    </ClInclude>
    <ClInclude Include="recalculation.h">
      <Filter>do_light</Filter>
    </ClInclude>
    <ClInclude Include="xrLightDoNet.h">
      <Filter>do_light</Filter>
    </ClInclude>
    <ClInclude Include="..\Shader_xrLC.h" />
  </ItemGroup>
  <ItemGroup>
    <ClCompile Include="stdafx.cpp">
      <Filter>kernel</Filter>
    </ClCompile>
    <ClCompile Include="xrLC_Light.cpp">
      <Filter>kernel</Filter>
    </ClCompile>
    <ClCompile Include="xrThread.cpp">
      <Filter>kernel</Filter>
    </ClCompile>
    <ClCompile Include="MeshStaic.cpp">
      <Filter>Light\xrLC_GlobalData</Filter>
    </ClCompile>
    <ClCompile Include="xrLC_GlobalData.cpp">
      <Filter>Light\xrLC_GlobalData</Filter>
    </ClCompile>
    <ClCompile Include="file_compress.cpp">
      <Filter>Light\Net</Filter>
    </ClCompile>
    <ClCompile Include="..\..\..\sdk\include\hxgrid\Interface\hxGridInterface.cpp">
      <Filter>Light\Net</Filter>
    </ClCompile>
    <ClCompile Include="light_execute.cpp">
      <Filter>Light\Net</Filter>
    </ClCompile>
    <ClCompile Include="net_stream.cpp">
      <Filter>Light\Net</Filter>
    </ClCompile>
    <ClCompile Include="net_cl_data_prepare.cpp">
      <Filter>Light\Net\new</Filter>
    </ClCompile>
    <ClCompile Include="net_execution_factory.cpp">
      <Filter>Light\Net\new</Filter>
    </ClCompile>
    <ClCompile Include="net_execution_factory_register.cpp">
      <Filter>Light\Net\new</Filter>
    </ClCompile>
    <ClCompile Include="net_execution_globals.cpp">
      <Filter>Light\Net\new</Filter>
    </ClCompile>
    <ClCompile Include="net_global_data_cleanup.cpp">
      <Filter>Light\Net\new</Filter>
    </ClCompile>
    <ClCompile Include="net_task_callback.cpp">
      <Filter>Light\Net\new</Filter>
    </ClCompile>
    <ClCompile Include="detail_net_global_data.cpp">
      <Filter>Light\Net\new\net_user_gl_data</Filter>
    </ClCompile>
    <ClCompile Include="gl_base_cl_data.cpp">
      <Filter>Light\Net\new\net_user_gl_data</Filter>
    </ClCompile>
    <ClCompile Include="implicit_net_global_data.cpp">
      <Filter>Light\Net\new\net_user_gl_data</Filter>
    </ClCompile>
    <ClCompile Include="lc_net_global_data.cpp">
      <Filter>Light\Net\new\net_user_gl_data</Filter>
    </ClCompile>
    <ClCompile Include="lm_net_global_data.cpp">
      <Filter>Light\Net\new\net_user_gl_data</Filter>
    </ClCompile>
    <ClCompile Include="net_global_data.cpp">
      <Filter>Light\Net\new\net_user_gl_data</Filter>
    </ClCompile>
    <ClCompile Include="ref_model_net_global_data.cpp">
      <Filter>Light\Net\new\net_user_gl_data</Filter>
    </ClCompile>
    <ClCompile Include="net_execution.cpp">
      <Filter>Light\Net\new\net_user_execution</Filter>
    </ClCompile>
    <ClCompile Include="net_execution_detail_light.cpp">
      <Filter>Light\Net\new\net_user_execution</Filter>
    </ClCompile>
    <ClCompile Include="net_execution_implicit_light.cpp">
      <Filter>Light\Net\new\net_user_execution</Filter>
    </ClCompile>
    <ClCompile Include="net_execution_lightmaps.cpp">
      <Filter>Light\Net\new\net_user_execution</Filter>
    </ClCompile>
    <ClCompile Include="net_execution_mu_base.cpp">
      <Filter>Light\Net\new\net_user_execution</Filter>
    </ClCompile>
    <ClCompile Include="net_execution_mu_ref.cpp">
      <Filter>Light\Net\new\net_user_execution</Filter>
    </ClCompile>
    <ClCompile Include="net_execution_vertex_light.cpp">
      <Filter>Light\Net\new\net_user_execution</Filter>
    </ClCompile>
    <ClCompile Include="net_lightmaps_add_task.cpp">
      <Filter>Light\Net\new\net_user_execution</Filter>
    </ClCompile>
    <ClCompile Include="lcnet_task_manager.cpp">
      <Filter>Light\Net\new\task_manager</Filter>
    </ClCompile>
    <ClCompile Include="lcnet_task_menager_run_task.cpp">
      <Filter>Light\Net\new\task_manager</Filter>
    </ClCompile>
    <ClCompile Include="net_exec_pool.cpp">
      <Filter>Light\Net\new\task_manager</Filter>
    </ClCompile>
    <ClCompile Include="net_light.cpp">
      <Filter>Light\Net\depr</Filter>
    </ClCompile>
    <ClCompile Include="net_light_task.cpp">
      <Filter>Light\Net\depr</Filter>
    </ClCompile>
    <ClCompile Include="net_task.cpp">
      <Filter>Light\Net\depr</Filter>
    </ClCompile>
    <ClCompile Include="net_task_manager.cpp">
      <Filter>Light\Net\depr</Filter>
    </ClCompile>
    <ClCompile Include="fitter.cpp">
      <Filter>Light\models</Filter>
    </ClCompile>
    <ClCompile Include="mu_model_face.cpp">
      <Filter>Light\models</Filter>
    </ClCompile>
    <ClCompile Include="xrMU_Model.cpp">
      <Filter>Light\models</Filter>
    </ClCompile>
    <ClCompile Include="xrMU_Model_Calc_faceopacity.cpp">
      <Filter>Light\models</Filter>
    </ClCompile>
    <ClCompile Include="xrMU_Model_Calc_materials.cpp">
      <Filter>Light\models</Filter>
    </ClCompile>
    <ClCompile Include="xrMU_Model_Calc_normals.cpp">
      <Filter>Light\models</Filter>
    </ClCompile>
    <ClCompile Include="xrMU_Model_export_cform_rcast.cpp">
      <Filter>Light\models</Filter>
    </ClCompile>
    <ClCompile Include="xrMU_Model_Load.cpp">
      <Filter>Light\models</Filter>
    </ClCompile>
    <ClCompile Include="xrMU_Model_Reference.cpp">
      <Filter>Light\models</Filter>
    </ClCompile>
    <ClCompile Include="mu_light_net.cpp">
      <Filter>Light\models\mu_light</Filter>
    </ClCompile>
    <ClCompile Include="mu_model_light.cpp">
      <Filter>Light\models\mu_light</Filter>
    </ClCompile>
    <ClCompile Include="mu_model_light_threads.cpp">
      <Filter>Light\models\mu_light</Filter>
    </ClCompile>
    <ClCompile Include="xrMU_Model_Calc_lighting.cpp">
      <Filter>Light\models\mu_light</Filter>
    </ClCompile>
    <ClCompile Include="xrMU_Model_Reference_Calc_Lighting.cpp">
      <Filter>Light\models\mu_light</Filter>
    </ClCompile>
    <ClCompile Include="xrLight_ImlicitNet.cpp">
      <Filter>Light\LightImplicit</Filter>
    </ClCompile>
    <ClCompile Include="xrLight_Implicit.cpp">
      <Filter>Light\LightImplicit</Filter>
    </ClCompile>
    <ClCompile Include="xrLight_ImplicitCalcGlobs.cpp">
      <Filter>Light\LightImplicit</Filter>
    </ClCompile>
    <ClCompile Include="xrLight_ImplicitDeflector.cpp">
      <Filter>Light\LightImplicit</Filter>
    </ClCompile>
    <ClCompile Include="xrLight_ImplicitThread.cpp">
      <Filter>Light\LightImplicit</Filter>
    </ClCompile>
    <ClCompile Include="execute_statistics.cpp">
      <Filter>Light\xrDeflector</Filter>
    </ClCompile>
    <ClCompile Include="uv_tri.cpp">
      <Filter>Light\xrDeflector</Filter>
    </ClCompile>
    <ClCompile Include="xrDeflectoL_Direct.cpp">
      <Filter>Light\xrDeflector</Filter>
    </ClCompile>
    <ClCompile Include="xrDeflector.cpp">
      <Filter>Light\xrDeflector</Filter>
    </ClCompile>
    <ClCompile Include="xrDeflectorLight.cpp">
      <Filter>Light\xrDeflector</Filter>
    </ClCompile>
    <ClCompile Include="xrImage_Resampler.cpp">
      <Filter>Light\xrDeflector</Filter>
    </ClCompile>
    <ClCompile Include="base_basis.cpp">
      <Filter>Light\Mesh</Filter>
    </ClCompile>
    <ClCompile Include="base_face.cpp">
      <Filter>Light\Mesh</Filter>
    </ClCompile>
    <ClCompile Include="xrFace.cpp">
      <Filter>Light\Mesh</Filter>
    </ClCompile>
    <ClCompile Include="serialize.cpp">
      <Filter>Light\serialize</Filter>
    </ClCompile>
    <ClCompile Include="Lightmap.cpp">
      <Filter>Light\Lightmaps</Filter>
    </ClCompile>
    <ClCompile Include="lm_layer.cpp">
      <Filter>Light\Lightmaps</Filter>
    </ClCompile>
    <ClCompile Include="xrImage_Filter.cpp">
      <Filter>Light\Lightmaps</Filter>
    </ClCompile>
    <ClCompile Include="b_build_texture.cpp">
      <Filter>Light\Textures</Filter>
    </ClCompile>
    <ClCompile Include="ETextureParams.cpp">
      <Filter>Light\Textures</Filter>
    </ClCompile>
    <ClCompile Include="tcf.cpp">
      <Filter>Light\Textures</Filter>
    </ClCompile>
    <ClCompile Include="tga.cpp">
      <Filter>Light\Textures</Filter>
    </ClCompile>
    <ClCompile Include="base_lighting.cpp">
      <Filter>Light\Lights</Filter>
    </ClCompile>
    <ClCompile Include="base_color.cpp">
      <Filter>Light\color</Filter>
    </ClCompile>
    <ClCompile Include="xrLightVertex.cpp">
      <Filter>Light\LightVertex</Filter>
    </ClCompile>
    <ClCompile Include="xrLightVertexNet.cpp">
      <Filter>Light\LightVertex</Filter>
    </ClCompile>
    <ClCompile Include="compiler.cpp">
      <Filter>do_light</Filter>
    </ClCompile>
    <ClCompile Include="detail_slot_calculate.cpp">
      <Filter>do_light</Filter>
    </ClCompile>
    <ClCompile Include="global_calculation_data.cpp">
      <Filter>do_light</Filter>
    </ClCompile>
    <ClCompile Include="global_slots_data.cpp">
      <Filter>do_light</Filter>
    </ClCompile>
    <ClCompile Include="LightThread.cpp">
      <Filter>do_light</Filter>
    </ClCompile>
    <ClCompile Include="recalculation.cpp">
      <Filter>do_light</Filter>
    </ClCompile>
    <ClCompile Include="xrLightDoNet.cpp">
      <Filter>do_light</Filter>
    </ClCompile>
    <ClCompile Include="..\..\xrEngine\xrLoadSurface.cpp">
      <Filter>do_light</Filter>
    </ClCompile>
  </ItemGroup>
  <ItemGroup>
    <Text Include="ReadMe.txt" />
  </ItemGroup>
</Project>