<?xml version="1.0" encoding="utf-8"?>
<Project ToolsVersion="4.0" xmlns="http://schemas.microsoft.com/developer/msbuild/2003">
  <ItemGroup>
    <Filter Include="Kernel">
      <UniqueIdentifier>{26fbcbbe-4c35-4378-814e-697a35f26354}</UniqueIdentifier>
    </Filter>
    <Filter Include="Core">
      <UniqueIdentifier>{48e8ae84-59de-48f5-b884-cbef934a8544}</UniqueIdentifier>
    </Filter>
    <Filter Include="Core\OpenAL">
      <UniqueIdentifier>{a0e5fccc-e25d-495f-b7c7-f65798155a71}</UniqueIdentifier>
    </Filter>
    <Filter Include="Emitter">
      <UniqueIdentifier>{ded7abf0-3653-43fa-9287-3ee935ca3356}</UniqueIdentifier>
    </Filter>
    <Filter Include="Source">
      <UniqueIdentifier>{8ef33234-b368-4395-a5c2-d1f03ca5f9fb}</UniqueIdentifier>
    </Filter>
    <Filter Include="Target">
      <UniqueIdentifier>{66460848-7677-4ed9-b6b1-251c03d774c3}</UniqueIdentifier>
    </Filter>
    <Filter Include="Target\OpenAL">
      <UniqueIdentifier>{f624dc68-cfac-4b64-a948-608110bd6340}</UniqueIdentifier>
    </Filter>
    <Filter Include="Environment">
      <UniqueIdentifier>{2967ae60-9b61-4d87-aba3-e8a3cf4f68a7}</UniqueIdentifier>
    </Filter>
    <Filter Include="Cache">
      <UniqueIdentifier>{fcc1ceae-32e6-473e-b16e-806a5390d516}</UniqueIdentifier>
    </Filter>
  </ItemGroup>
  <ItemGroup>
    <ClInclude Include="cl_intersect.h">
      <Filter>Kernel</Filter>
    </ClInclude>
    <ClInclude Include="Sound.h">
      <Filter>Kernel</Filter>
    </ClInclude>
    <ClInclude Include="SoundRender.h">
      <Filter>Kernel</Filter>
    </ClInclude>
    <ClInclude Include="stdafx.h">
      <Filter>Kernel</Filter>
    </ClInclude>
    <ClInclude Include="SoundRender_Core.h">
      <Filter>Core</Filter>
    </ClInclude>
    <ClInclude Include="OpenALDeviceList.h">
      <Filter>Core\OpenAL</Filter>
    </ClInclude>
    <ClInclude Include="SoundRender_CoreA.h">
      <Filter>Core\OpenAL</Filter>
    </ClInclude>
    <ClInclude Include="SoundRender_Emitter.h">
      <Filter>Emitter</Filter>
    </ClInclude>
    <ClInclude Include="SoundRender_Source.h">
      <Filter>Source</Filter>
    </ClInclude>
    <ClInclude Include="SoundRender_Target.h">
      <Filter>Target</Filter>
    </ClInclude>
    <ClInclude Include="SoundRender_TargetA.h">
      <Filter>Target\OpenAL</Filter>
    </ClInclude>
    <ClInclude Include="SoundRender_Environment.h">
      <Filter>Environment</Filter>
    </ClInclude>
    <ClInclude Include="SoundRender_Cache.h">
      <Filter>Cache</Filter>
    </ClInclude>
  </ItemGroup>
  <ItemGroup>
    <ClCompile Include="guids.cpp">
      <Filter>Kernel</Filter>
    </ClCompile>
    <ClCompile Include="sound.cpp">
      <Filter>Kernel</Filter>
    </ClCompile>
    <ClCompile Include="stdafx.cpp">
      <Filter>Kernel</Filter>
    </ClCompile>
    <ClCompile Include="SoundRender_Core.cpp">
      <Filter>Core</Filter>
    </ClCompile>
    <ClCompile Include="SoundRender_Core_Processor.cpp">
      <Filter>Core</Filter>
    </ClCompile>
    <ClCompile Include="SoundRender_Core_SourceManager.cpp">
      <Filter>Core</Filter>
    </ClCompile>
    <ClCompile Include="SoundRender_Core_StartStop.cpp">
      <Filter>Core</Filter>
    </ClCompile>
    <ClCompile Include="OpenALDeviceList.cpp">
      <Filter>Core\OpenAL</Filter>
    </ClCompile>
    <ClCompile Include="SoundRender_CoreA.cpp">
      <Filter>Core\OpenAL</Filter>
    </ClCompile>
    <ClCompile Include="SoundRender_Emitter.cpp">
      <Filter>Emitter</Filter>
    </ClCompile>
    <ClCompile Include="SoundRender_Emitter_FSM.cpp">
      <Filter>Emitter</Filter>
    </ClCompile>
    <ClCompile Include="SoundRender_Emitter_StartStop.cpp">
      <Filter>Emitter</Filter>
    </ClCompile>
    <ClCompile Include="SoundRender_Emitter_streamer.cpp">
      <Filter>Emitter</Filter>
    </ClCompile>
    <ClCompile Include="SoundRender_Source.cpp">
      <Filter>Source</Filter>
    </ClCompile>
    <ClCompile Include="SoundRender_Source_loader.cpp">
      <Filter>Source</Filter>
    </ClCompile>
    <ClCompile Include="SoundRender_Target.cpp">
      <Filter>Target</Filter>
    </ClCompile>
    <ClCompile Include="SoundRender_TargetA.cpp">
      <Filter>Target\OpenAL</Filter>
    </ClCompile>
    <ClCompile Include="SoundRender_Environment.cpp">
      <Filter>Environment</Filter>
    </ClCompile>
    <ClCompile Include="SoundRender_Cache.cpp">
      <Filter>Cache</Filter>
    </ClCompile>
  </ItemGroup>
</Project>